// !$*UTF8*$!
{
	archiveVersion = 1;
	classes = {
	};
	objectVersion = 50;
	objects = {

/* Begin PBXBuildFile section */
		CEAAFA012E1B085C00F8AD48 /* ListView.swift in Sources */ = {isa = PBXBuildFile; fileRef = CEAAFA002E1B085C00F8AD48 /* ListView.swift */; };
		CEAAFA062E1B0AA700F8AD48 /* ListViewModel.swift in Sources */ = {isa = PBXBuildFile; fileRef = CEAAFA052E1B0AA700F8AD48 /* ListViewModel.swift */; };
		E5627F342772086B0030ACE0 /* RestTests.swift in Sources */ = {isa = PBXBuildFile; fileRef = E5627F332772086B0030ACE0 /* RestTests.swift */; };
		E5627F3927720A630030ACE0 /* characters.json in Resources */ = {isa = PBXBuildFile; fileRef = E5627F3827720A630030ACE0 /* characters.json */; };
		E5627F642774FBEE0030ACE0 /* Notification.swift in Sources */ = {isa = PBXBuildFile; fileRef = E5627F632774FBEE0030ACE0 /* Notification.swift */; };
		E5AE2E6D2770C1B80000E705 /* ViewControllerTest.swift in Sources */ = {isa = PBXBuildFile; fileRef = E5AE2E6C2770C1B80000E705 /* ViewControllerTest.swift */; };
		E5BF7BC5276929E6002D9D70 /* AppDelegate.swift in Sources */ = {isa = PBXBuildFile; fileRef = E5BF7BC4276929E6002D9D70 /* AppDelegate.swift */; };
		E5BF7BC7276929E6002D9D70 /* SceneDelegate.swift in Sources */ = {isa = PBXBuildFile; fileRef = E5BF7BC6276929E6002D9D70 /* SceneDelegate.swift */; };
		E5BF7BC9276929E6002D9D70 /* CharacterViewController.swift in Sources */ = {isa = PBXBuildFile; fileRef = E5BF7BC8276929E6002D9D70 /* CharacterViewController.swift */; };
		E5BF7BCE276929E7002D9D70 /* Assets.xcassets in Resources */ = {isa = PBXBuildFile; fileRef = E5BF7BCD276929E7002D9D70 /* Assets.xcassets */; };
		E5BF7BD1276929E7002D9D70 /* LaunchScreen.storyboard in Resources */ = {isa = PBXBuildFile; fileRef = E5BF7BCF276929E7002D9D70 /* LaunchScreen.storyboard */; };
		E5BF7BDC276929E7002D9D70 /* Marvel_iOSTests.swift in Sources */ = {isa = PBXBuildFile; fileRef = E5BF7BDB276929E7002D9D70 /* Marvel_iOSTests.swift */; };
		E5BF7BE7276929E7002D9D70 /* Marvel_iOSUITests.swift in Sources */ = {isa = PBXBuildFile; fileRef = E5BF7BE6276929E7002D9D70 /* Marvel_iOSUITests.swift */; };
		E5BF7BFB27693525002D9D70 /* ListViewController.swift in Sources */ = {isa = PBXBuildFile; fileRef = E5BF7BFA27693525002D9D70 /* ListViewController.swift */; };
		E5BF7C0327693590002D9D70 /* ViewCodeConfiguration.swift in Sources */ = {isa = PBXBuildFile; fileRef = E5BF7C0227693590002D9D70 /* ViewCodeConfiguration.swift */; };
		E5BF7C0C276938BF002D9D70 /* NetworkRequest.swift in Sources */ = {isa = PBXBuildFile; fileRef = E5BF7C0B276938BF002D9D70 /* NetworkRequest.swift */; };
		E5BF7C1527693BFE002D9D70 /* Character.swift in Sources */ = {isa = PBXBuildFile; fileRef = E5BF7C1427693BFE002D9D70 /* Character.swift */; };
		E5BF7C3027696E17002D9D70 /* CharacterTableViewCell.swift in Sources */ = {isa = PBXBuildFile; fileRef = E5BF7C2F27696E17002D9D70 /* CharacterTableViewCell.swift */; };
		E5BF7C57276A98BA002D9D70 /* ImageConstructor.swift in Sources */ = {isa = PBXBuildFile; fileRef = E5BF7C56276A98BA002D9D70 /* ImageConstructor.swift */; };
		E5BF7C63276AA960002D9D70 /* MarvelRequest.swift in Sources */ = {isa = PBXBuildFile; fileRef = E5BF7C62276AA960002D9D70 /* MarvelRequest.swift */; };
		E5BF7C68276AA977002D9D70 /* CharactersInformation.swift in Sources */ = {isa = PBXBuildFile; fileRef = E5BF7C67276AA977002D9D70 /* CharactersInformation.swift */; };
		E5BF7C70276AA9D0002D9D70 /* Thumbnail.swift in Sources */ = {isa = PBXBuildFile; fileRef = E5BF7C6F276AA9D0002D9D70 /* Thumbnail.swift */; };
/* End PBXBuildFile section */

/* Begin PBXContainerItemProxy section */
		E5BF7BD8276929E7002D9D70 /* PBXContainerItemProxy */ = {
			isa = PBXContainerItemProxy;
			containerPortal = E5BF7BB9276929E6002D9D70 /* Project object */;
			proxyType = 1;
			remoteGlobalIDString = E5BF7BC0276929E6002D9D70;
			remoteInfo = "Marvel-iOS";
		};
		E5BF7BE3276929E7002D9D70 /* PBXContainerItemProxy */ = {
			isa = PBXContainerItemProxy;
			containerPortal = E5BF7BB9276929E6002D9D70 /* Project object */;
			proxyType = 1;
			remoteGlobalIDString = E5BF7BC0276929E6002D9D70;
			remoteInfo = "Marvel-iOS";
		};
/* End PBXContainerItemProxy section */

/* Begin PBXFileReference section */
		CEAAFA002E1B085C00F8AD48 /* ListView.swift */ = {isa = PBXFileReference; lastKnownFileType = sourcecode.swift; path = ListView.swift; sourceTree = "<group>"; };
		CEAAFA052E1B0AA700F8AD48 /* ListViewModel.swift */ = {isa = PBXFileReference; lastKnownFileType = sourcecode.swift; path = ListViewModel.swift; sourceTree = "<group>"; };
		E5627F332772086B0030ACE0 /* RestTests.swift */ = {isa = PBXFileReference; lastKnownFileType = sourcecode.swift; path = RestTests.swift; sourceTree = "<group>"; };
		E5627F3827720A630030ACE0 /* characters.json */ = {isa = PBXFileReference; fileEncoding = 4; lastKnownFileType = text.json; path = characters.json; sourceTree = "<group>"; };
		E5627F632774FBEE0030ACE0 /* Notification.swift */ = {isa = PBXFileReference; lastKnownFileType = sourcecode.swift; path = Notification.swift; sourceTree = "<group>"; };
		E5AE2E6C2770C1B80000E705 /* ViewControllerTest.swift */ = {isa = PBXFileReference; lastKnownFileType = sourcecode.swift; name = ViewControllerTest.swift; path = "Marvel-iOSTests/ViewControllerTest.swift"; sourceTree = SOURCE_ROOT; };
		E5BF7BC1276929E6002D9D70 /* Marvel-iOS.app */ = {isa = PBXFileReference; explicitFileType = wrapper.application; includeInIndex = 0; path = "Marvel-iOS.app"; sourceTree = BUILT_PRODUCTS_DIR; };
		E5BF7BC4276929E6002D9D70 /* AppDelegate.swift */ = {isa = PBXFileReference; lastKnownFileType = sourcecode.swift; path = AppDelegate.swift; sourceTree = "<group>"; };
		E5BF7BC6276929E6002D9D70 /* SceneDelegate.swift */ = {isa = PBXFileReference; lastKnownFileType = sourcecode.swift; path = SceneDelegate.swift; sourceTree = "<group>"; };
		E5BF7BC8276929E6002D9D70 /* CharacterViewController.swift */ = {isa = PBXFileReference; lastKnownFileType = sourcecode.swift; path = CharacterViewController.swift; sourceTree = "<group>"; };
		E5BF7BCD276929E7002D9D70 /* Assets.xcassets */ = {isa = PBXFileReference; lastKnownFileType = folder.assetcatalog; path = Assets.xcassets; sourceTree = "<group>"; };
		E5BF7BD0276929E7002D9D70 /* Base */ = {isa = PBXFileReference; lastKnownFileType = file.storyboard; name = Base; path = Base.lproj/LaunchScreen.storyboard; sourceTree = "<group>"; };
		E5BF7BD2276929E7002D9D70 /* Info.plist */ = {isa = PBXFileReference; lastKnownFileType = text.plist.xml; path = Info.plist; sourceTree = "<group>"; };
		E5BF7BD7276929E7002D9D70 /* Marvel-iOSTests.xctest */ = {isa = PBXFileReference; explicitFileType = wrapper.cfbundle; includeInIndex = 0; path = "Marvel-iOSTests.xctest"; sourceTree = BUILT_PRODUCTS_DIR; };
		E5BF7BDB276929E7002D9D70 /* Marvel_iOSTests.swift */ = {isa = PBXFileReference; lastKnownFileType = sourcecode.swift; path = Marvel_iOSTests.swift; sourceTree = "<group>"; };
		E5BF7BDD276929E7002D9D70 /* Info.plist */ = {isa = PBXFileReference; lastKnownFileType = text.plist.xml; path = Info.plist; sourceTree = "<group>"; };
		E5BF7BE2276929E7002D9D70 /* Marvel-iOSUITests.xctest */ = {isa = PBXFileReference; explicitFileType = wrapper.cfbundle; includeInIndex = 0; path = "Marvel-iOSUITests.xctest"; sourceTree = BUILT_PRODUCTS_DIR; };
		E5BF7BE6276929E7002D9D70 /* Marvel_iOSUITests.swift */ = {isa = PBXFileReference; lastKnownFileType = sourcecode.swift; path = Marvel_iOSUITests.swift; sourceTree = "<group>"; };
		E5BF7BE8276929E7002D9D70 /* Info.plist */ = {isa = PBXFileReference; lastKnownFileType = text.plist.xml; path = Info.plist; sourceTree = "<group>"; };
		E5BF7BFA27693525002D9D70 /* ListViewController.swift */ = {isa = PBXFileReference; lastKnownFileType = sourcecode.swift; path = ListViewController.swift; sourceTree = "<group>"; };
		E5BF7C0227693590002D9D70 /* ViewCodeConfiguration.swift */ = {isa = PBXFileReference; lastKnownFileType = sourcecode.swift; path = ViewCodeConfiguration.swift; sourceTree = "<group>"; };
		E5BF7C0B276938BF002D9D70 /* NetworkRequest.swift */ = {isa = PBXFileReference; lastKnownFileType = sourcecode.swift; path = NetworkRequest.swift; sourceTree = "<group>"; };
		E5BF7C1427693BFE002D9D70 /* Character.swift */ = {isa = PBXFileReference; lastKnownFileType = sourcecode.swift; path = Character.swift; sourceTree = "<group>"; };
		E5BF7C2F27696E17002D9D70 /* CharacterTableViewCell.swift */ = {isa = PBXFileReference; lastKnownFileType = sourcecode.swift; path = CharacterTableViewCell.swift; sourceTree = "<group>"; };
		E5BF7C56276A98BA002D9D70 /* ImageConstructor.swift */ = {isa = PBXFileReference; lastKnownFileType = sourcecode.swift; path = ImageConstructor.swift; sourceTree = "<group>"; };
		E5BF7C62276AA960002D9D70 /* MarvelRequest.swift */ = {isa = PBXFileReference; lastKnownFileType = sourcecode.swift; path = MarvelRequest.swift; sourceTree = "<group>"; };
		E5BF7C67276AA977002D9D70 /* CharactersInformation.swift */ = {isa = PBXFileReference; lastKnownFileType = sourcecode.swift; path = CharactersInformation.swift; sourceTree = "<group>"; };
		E5BF7C6F276AA9D0002D9D70 /* Thumbnail.swift */ = {isa = PBXFileReference; lastKnownFileType = sourcecode.swift; path = Thumbnail.swift; sourceTree = "<group>"; };
/* End PBXFileReference section */

/* Begin PBXFrameworksBuildPhase section */
		E5BF7BBE276929E6002D9D70 /* Frameworks */ = {
			isa = PBXFrameworksBuildPhase;
			buildActionMask = 2147483647;
			files = (
			);
			runOnlyForDeploymentPostprocessing = 0;
		};
		E5BF7BD4276929E7002D9D70 /* Frameworks */ = {
			isa = PBXFrameworksBuildPhase;
			buildActionMask = 2147483647;
			files = (
			);
			runOnlyForDeploymentPostprocessing = 0;
		};
		E5BF7BDF276929E7002D9D70 /* Frameworks */ = {
			isa = PBXFrameworksBuildPhase;
			buildActionMask = 2147483647;
			files = (
			);
			runOnlyForDeploymentPostprocessing = 0;
		};
/* End PBXFrameworksBuildPhase section */

/* Begin PBXGroup section */
		CEAAFA022E1B086300F8AD48 /* ListView */ = {
			isa = PBXGroup;
			children = (
				CEAAFA042E1B08F100F8AD48 /* Table */,
				E5BF7BFA27693525002D9D70 /* ListViewController.swift */,
				CEAAFA002E1B085C00F8AD48 /* ListView.swift */,
				CEAAFA052E1B0AA700F8AD48 /* ListViewModel.swift */,
			);
			path = ListView;
			sourceTree = "<group>";
		};
		CEAAFA032E1B087800F8AD48 /* CharacterInfoView */ = {
			isa = PBXGroup;
			children = (
				E5BF7BC8276929E6002D9D70 /* CharacterViewController.swift */,
			);
			path = CharacterInfoView;
			sourceTree = "<group>";
		};
		CEAAFA042E1B08F100F8AD48 /* Table */ = {
			isa = PBXGroup;
			children = (
				E5BF7C2F27696E17002D9D70 /* CharacterTableViewCell.swift */,
			);
			path = Table;
			sourceTree = "<group>";
		};
		E5BF7BB8276929E6002D9D70 = {
			isa = PBXGroup;
			children = (
				E5BF7BC3276929E6002D9D70 /* Marvel-iOS */,
				E5BF7BDA276929E7002D9D70 /* Marvel-iOSTests */,
				E5BF7BE5276929E7002D9D70 /* Marvel-iOSUITests */,
				E5BF7BC2276929E6002D9D70 /* Products */,
			);
			sourceTree = "<group>";
		};
		E5BF7BC2276929E6002D9D70 /* Products */ = {
			isa = PBXGroup;
			children = (
				E5BF7BC1276929E6002D9D70 /* Marvel-iOS.app */,
				E5BF7BD7276929E7002D9D70 /* Marvel-iOSTests.xctest */,
				E5BF7BE2276929E7002D9D70 /* Marvel-iOSUITests.xctest */,
			);
			name = Products;
			sourceTree = "<group>";
		};
		E5BF7BC3276929E6002D9D70 /* Marvel-iOS */ = {
			isa = PBXGroup;
			children = (
				E5BF7BC4276929E6002D9D70 /* AppDelegate.swift */,
				E5BF7BC6276929E6002D9D70 /* SceneDelegate.swift */,
				E5627F3827720A630030ACE0 /* characters.json */,
				E5BF7C5E276AA8FA002D9D70 /* Config */,
				E5BF7C1327693BE1002D9D70 /* Models */,
				E5BF7C0727693870002D9D70 /* Controllers */,
				E5BF7BCD276929E7002D9D70 /* Assets.xcassets */,
				E5BF7BCF276929E7002D9D70 /* LaunchScreen.storyboard */,
				E5BF7BD2276929E7002D9D70 /* Info.plist */,
			);
			path = "Marvel-iOS";
			sourceTree = "<group>";
		};
		E5BF7BDA276929E7002D9D70 /* Marvel-iOSTests */ = {
			isa = PBXGroup;
			children = (
				E5BF7BDB276929E7002D9D70 /* Marvel_iOSTests.swift */,
				E5AE2E6C2770C1B80000E705 /* ViewControllerTest.swift */,
				E5BF7BDD276929E7002D9D70 /* Info.plist */,
				E5627F332772086B0030ACE0 /* RestTests.swift */,
			);
			path = "Marvel-iOSTests";
			sourceTree = "<group>";
		};
		E5BF7BE5276929E7002D9D70 /* Marvel-iOSUITests */ = {
			isa = PBXGroup;
			children = (
				E5BF7BE6276929E7002D9D70 /* Marvel_iOSUITests.swift */,
				E5BF7BE8276929E7002D9D70 /* Info.plist */,
			);
			path = "Marvel-iOSUITests";
			sourceTree = "<group>";
		};
		E5BF7C0727693870002D9D70 /* Controllers */ = {
			isa = PBXGroup;
			children = (
				CEAAFA032E1B087800F8AD48 /* CharacterInfoView */,
				CEAAFA022E1B086300F8AD48 /* ListView */,
			);
			path = Controllers;
			sourceTree = "<group>";
		};
		E5BF7C1327693BE1002D9D70 /* Models */ = {
			isa = PBXGroup;
			children = (
				E5BF7C62276AA960002D9D70 /* MarvelRequest.swift */,
				E5BF7C67276AA977002D9D70 /* CharactersInformation.swift */,
				E5BF7C1427693BFE002D9D70 /* Character.swift */,
				E5BF7C6F276AA9D0002D9D70 /* Thumbnail.swift */,
			);
			path = Models;
			sourceTree = "<group>";
		};
		E5BF7C5E276AA8FA002D9D70 /* Config */ = {
			isa = PBXGroup;
			children = (
				E5BF7C0B276938BF002D9D70 /* NetworkRequest.swift */,
				E5BF7C0227693590002D9D70 /* ViewCodeConfiguration.swift */,
				E5BF7C56276A98BA002D9D70 /* ImageConstructor.swift */,
				E5627F632774FBEE0030ACE0 /* Notification.swift */,
			);
			path = Config;
			sourceTree = "<group>";
		};
/* End PBXGroup section */

/* Begin PBXNativeTarget section */
		E5BF7BC0276929E6002D9D70 /* Marvel-iOS */ = {
			isa = PBXNativeTarget;
			buildConfigurationList = E5BF7BEB276929E7002D9D70 /* Build configuration list for PBXNativeTarget "Marvel-iOS" */;
			buildPhases = (
				E5BF7BBD276929E6002D9D70 /* Sources */,
				E5BF7BBE276929E6002D9D70 /* Frameworks */,
				E5BF7BBF276929E6002D9D70 /* Resources */,
			);
			buildRules = (
			);
			dependencies = (
			);
			name = "Marvel-iOS";
			productName = "Marvel-iOS";
			productReference = E5BF7BC1276929E6002D9D70 /* Marvel-iOS.app */;
			productType = "com.apple.product-type.application";
		};
		E5BF7BD6276929E7002D9D70 /* Marvel-iOSTests */ = {
			isa = PBXNativeTarget;
			buildConfigurationList = E5BF7BEE276929E7002D9D70 /* Build configuration list for PBXNativeTarget "Marvel-iOSTests" */;
			buildPhases = (
				E5BF7BD3276929E7002D9D70 /* Sources */,
				E5BF7BD4276929E7002D9D70 /* Frameworks */,
				E5BF7BD5276929E7002D9D70 /* Resources */,
			);
			buildRules = (
			);
			dependencies = (
				E5BF7BD9276929E7002D9D70 /* PBXTargetDependency */,
			);
			name = "Marvel-iOSTests";
			productName = "Marvel-iOSTests";
			productReference = E5BF7BD7276929E7002D9D70 /* Marvel-iOSTests.xctest */;
			productType = "com.apple.product-type.bundle.unit-test";
		};
		E5BF7BE1276929E7002D9D70 /* Marvel-iOSUITests */ = {
			isa = PBXNativeTarget;
			buildConfigurationList = E5BF7BF1276929E7002D9D70 /* Build configuration list for PBXNativeTarget "Marvel-iOSUITests" */;
			buildPhases = (
				E5BF7BDE276929E7002D9D70 /* Sources */,
				E5BF7BDF276929E7002D9D70 /* Frameworks */,
				E5BF7BE0276929E7002D9D70 /* Resources */,
			);
			buildRules = (
			);
			dependencies = (
				E5BF7BE4276929E7002D9D70 /* PBXTargetDependency */,
			);
			name = "Marvel-iOSUITests";
			productName = "Marvel-iOSUITests";
			productReference = E5BF7BE2276929E7002D9D70 /* Marvel-iOSUITests.xctest */;
			productType = "com.apple.product-type.bundle.ui-testing";
		};
/* End PBXNativeTarget section */

/* Begin PBXProject section */
		E5BF7BB9276929E6002D9D70 /* Project object */ = {
			isa = PBXProject;
			attributes = {
				LastSwiftUpdateCheck = 1240;
				LastUpgradeCheck = 1240;
				TargetAttributes = {
					E5BF7BC0276929E6002D9D70 = {
						CreatedOnToolsVersion = 12.4;
					};
					E5BF7BD6276929E7002D9D70 = {
						CreatedOnToolsVersion = 12.4;
						TestTargetID = E5BF7BC0276929E6002D9D70;
					};
					E5BF7BE1276929E7002D9D70 = {
						CreatedOnToolsVersion = 12.4;
						TestTargetID = E5BF7BC0276929E6002D9D70;
					};
				};
			};
			buildConfigurationList = E5BF7BBC276929E6002D9D70 /* Build configuration list for PBXProject "Marvel-iOS" */;
			compatibilityVersion = "Xcode 9.3";
			developmentRegion = en;
			hasScannedForEncodings = 0;
			knownRegions = (
				en,
				Base,
			);
			mainGroup = E5BF7BB8276929E6002D9D70;
			productRefGroup = E5BF7BC2276929E6002D9D70 /* Products */;
			projectDirPath = "";
			projectRoot = "";
			targets = (
				E5BF7BC0276929E6002D9D70 /* Marvel-iOS */,
				E5BF7BD6276929E7002D9D70 /* Marvel-iOSTests */,
				E5BF7BE1276929E7002D9D70 /* Marvel-iOSUITests */,
			);
		};
/* End PBXProject section */

/* Begin PBXResourcesBuildPhase section */
		E5BF7BBF276929E6002D9D70 /* Resources */ = {
			isa = PBXResourcesBuildPhase;
			buildActionMask = 2147483647;
			files = (
				E5627F3927720A630030ACE0 /* characters.json in Resources */,
				E5BF7BD1276929E7002D9D70 /* LaunchScreen.storyboard in Resources */,
				E5BF7BCE276929E7002D9D70 /* Assets.xcassets in Resources */,
			);
			runOnlyForDeploymentPostprocessing = 0;
		};
		E5BF7BD5276929E7002D9D70 /* Resources */ = {
			isa = PBXResourcesBuildPhase;
			buildActionMask = 2147483647;
			files = (
			);
			runOnlyForDeploymentPostprocessing = 0;
		};
		E5BF7BE0276929E7002D9D70 /* Resources */ = {
			isa = PBXResourcesBuildPhase;
			buildActionMask = 2147483647;
			files = (
			);
			runOnlyForDeploymentPostprocessing = 0;
		};
/* End PBXResourcesBuildPhase section */

/* Begin PBXSourcesBuildPhase section */
		E5BF7BBD276929E6002D9D70 /* Sources */ = {
			isa = PBXSourcesBuildPhase;
			buildActionMask = 2147483647;
			files = (
				E5BF7C0327693590002D9D70 /* ViewCodeConfiguration.swift in Sources */,
				E5BF7C1527693BFE002D9D70 /* Character.swift in Sources */,
				E5BF7C70276AA9D0002D9D70 /* Thumbnail.swift in Sources */,
				CEAAFA062E1B0AA700F8AD48 /* ListViewModel.swift in Sources */,
				E5BF7C0C276938BF002D9D70 /* NetworkRequest.swift in Sources */,
				E5BF7BC9276929E6002D9D70 /* CharacterViewController.swift in Sources */,
				E5BF7BFB27693525002D9D70 /* ListViewController.swift in Sources */,
				E5BF7C68276AA977002D9D70 /* CharactersInformation.swift in Sources */,
				E5BF7C57276A98BA002D9D70 /* ImageConstructor.swift in Sources */,
				E5BF7BC5276929E6002D9D70 /* AppDelegate.swift in Sources */,
				E5BF7C63276AA960002D9D70 /* MarvelRequest.swift in Sources */,
				CEAAFA012E1B085C00F8AD48 /* ListView.swift in Sources */,
				E5627F642774FBEE0030ACE0 /* Notification.swift in Sources */,
				E5BF7C3027696E17002D9D70 /* CharacterTableViewCell.swift in Sources */,
				E5BF7BC7276929E6002D9D70 /* SceneDelegate.swift in Sources */,
			);
			runOnlyForDeploymentPostprocessing = 0;
		};
		E5BF7BD3276929E7002D9D70 /* Sources */ = {
			isa = PBXSourcesBuildPhase;
			buildActionMask = 2147483647;
			files = (
				E5AE2E6D2770C1B80000E705 /* ViewControllerTest.swift in Sources */,
				E5627F342772086B0030ACE0 /* RestTests.swift in Sources */,
				E5BF7BDC276929E7002D9D70 /* Marvel_iOSTests.swift in Sources */,
			);
			runOnlyForDeploymentPostprocessing = 0;
		};
		E5BF7BDE276929E7002D9D70 /* Sources */ = {
			isa = PBXSourcesBuildPhase;
			buildActionMask = 2147483647;
			files = (
				E5BF7BE7276929E7002D9D70 /* Marvel_iOSUITests.swift in Sources */,
			);
			runOnlyForDeploymentPostprocessing = 0;
		};
/* End PBXSourcesBuildPhase section */

/* Begin PBXTargetDependency section */
		E5BF7BD9276929E7002D9D70 /* PBXTargetDependency */ = {
			isa = PBXTargetDependency;
			target = E5BF7BC0276929E6002D9D70 /* Marvel-iOS */;
			targetProxy = E5BF7BD8276929E7002D9D70 /* PBXContainerItemProxy */;
		};
		E5BF7BE4276929E7002D9D70 /* PBXTargetDependency */ = {
			isa = PBXTargetDependency;
			target = E5BF7BC0276929E6002D9D70 /* Marvel-iOS */;
			targetProxy = E5BF7BE3276929E7002D9D70 /* PBXContainerItemProxy */;
		};
/* End PBXTargetDependency section */

/* Begin PBXVariantGroup section */
		E5BF7BCF276929E7002D9D70 /* LaunchScreen.storyboard */ = {
			isa = PBXVariantGroup;
			children = (
				E5BF7BD0276929E7002D9D70 /* Base */,
			);
			name = LaunchScreen.storyboard;
			sourceTree = "<group>";
		};
/* End PBXVariantGroup section */

/* Begin XCBuildConfiguration section */
		E5BF7BE9276929E7002D9D70 /* Debug */ = {
			isa = XCBuildConfiguration;
			buildSettings = {
				ALWAYS_SEARCH_USER_PATHS = NO;
				CLANG_ANALYZER_NONNULL = YES;
				CLANG_ANALYZER_NUMBER_OBJECT_CONVERSION = YES_AGGRESSIVE;
				CLANG_CXX_LANGUAGE_STANDARD = "gnu++14";
				CLANG_CXX_LIBRARY = "libc++";
				CLANG_ENABLE_MODULES = YES;
				CLANG_ENABLE_OBJC_ARC = YES;
				CLANG_ENABLE_OBJC_WEAK = YES;
				CLANG_WARN_BLOCK_CAPTURE_AUTORELEASING = YES;
				CLANG_WARN_BOOL_CONVERSION = YES;
				CLANG_WARN_COMMA = YES;
				CLANG_WARN_CONSTANT_CONVERSION = YES;
				CLANG_WARN_DEPRECATED_OBJC_IMPLEMENTATIONS = YES;
				CLANG_WARN_DIRECT_OBJC_ISA_USAGE = YES_ERROR;
				CLANG_WARN_DOCUMENTATION_COMMENTS = YES;
				CLANG_WARN_EMPTY_BODY = YES;
				CLANG_WARN_ENUM_CONVERSION = YES;
				CLANG_WARN_INFINITE_RECURSION = YES;
				CLANG_WARN_INT_CONVERSION = YES;
				CLANG_WARN_NON_LITERAL_NULL_CONVERSION = YES;
				CLANG_WARN_OBJC_IMPLICIT_RETAIN_SELF = YES;
				CLANG_WARN_OBJC_LITERAL_CONVERSION = YES;
				CLANG_WARN_OBJC_ROOT_CLASS = YES_ERROR;
				CLANG_WARN_QUOTED_INCLUDE_IN_FRAMEWORK_HEADER = YES;
				CLANG_WARN_RANGE_LOOP_ANALYSIS = YES;
				CLANG_WARN_STRICT_PROTOTYPES = YES;
				CLANG_WARN_SUSPICIOUS_MOVE = YES;
				CLANG_WARN_UNGUARDED_AVAILABILITY = YES_AGGRESSIVE;
				CLANG_WARN_UNREACHABLE_CODE = YES;
				CLANG_WARN__DUPLICATE_METHOD_MATCH = YES;
				COPY_PHASE_STRIP = NO;
				DEBUG_INFORMATION_FORMAT = dwarf;
				ENABLE_STRICT_OBJC_MSGSEND = YES;
				ENABLE_TESTABILITY = YES;
				GCC_C_LANGUAGE_STANDARD = gnu11;
				GCC_DYNAMIC_NO_PIC = NO;
				GCC_NO_COMMON_BLOCKS = YES;
				GCC_OPTIMIZATION_LEVEL = 0;
				GCC_PREPROCESSOR_DEFINITIONS = (
					"DEBUG=1",
					"$(inherited)",
				);
				GCC_WARN_64_TO_32_BIT_CONVERSION = YES;
				GCC_WARN_ABOUT_RETURN_TYPE = YES_ERROR;
				GCC_WARN_UNDECLARED_SELECTOR = YES;
				GCC_WARN_UNINITIALIZED_AUTOS = YES_AGGRESSIVE;
				GCC_WARN_UNUSED_FUNCTION = YES;
				GCC_WARN_UNUSED_VARIABLE = YES;
				IPHONEOS_DEPLOYMENT_TARGET = 14.4;
				MTL_ENABLE_DEBUG_INFO = INCLUDE_SOURCE;
				MTL_FAST_MATH = YES;
				ONLY_ACTIVE_ARCH = YES;
				SDKROOT = iphoneos;
				SWIFT_ACTIVE_COMPILATION_CONDITIONS = DEBUG;
				SWIFT_OPTIMIZATION_LEVEL = "-Onone";
			};
			name = Debug;
		};
		E5BF7BEA276929E7002D9D70 /* Release */ = {
			isa = XCBuildConfiguration;
			buildSettings = {
				ALWAYS_SEARCH_USER_PATHS = NO;
				CLANG_ANALYZER_NONNULL = YES;
				CLANG_ANALYZER_NUMBER_OBJECT_CONVERSION = YES_AGGRESSIVE;
				CLANG_CXX_LANGUAGE_STANDARD = "gnu++14";
				CLANG_CXX_LIBRARY = "libc++";
				CLANG_ENABLE_MODULES = YES;
				CLANG_ENABLE_OBJC_ARC = YES;
				CLANG_ENABLE_OBJC_WEAK = YES;
				CLANG_WARN_BLOCK_CAPTURE_AUTORELEASING = YES;
				CLANG_WARN_BOOL_CONVERSION = YES;
				CLANG_WARN_COMMA = YES;
				CLANG_WARN_CONSTANT_CONVERSION = YES;
				CLANG_WARN_DEPRECATED_OBJC_IMPLEMENTATIONS = YES;
				CLANG_WARN_DIRECT_OBJC_ISA_USAGE = YES_ERROR;
				CLANG_WARN_DOCUMENTATION_COMMENTS = YES;
				CLANG_WARN_EMPTY_BODY = YES;
				CLANG_WARN_ENUM_CONVERSION = YES;
				CLANG_WARN_INFINITE_RECURSION = YES;
				CLANG_WARN_INT_CONVERSION = YES;
				CLANG_WARN_NON_LITERAL_NULL_CONVERSION = YES;
				CLANG_WARN_OBJC_IMPLICIT_RETAIN_SELF = YES;
				CLANG_WARN_OBJC_LITERAL_CONVERSION = YES;
				CLANG_WARN_OBJC_ROOT_CLASS = YES_ERROR;
				CLANG_WARN_QUOTED_INCLUDE_IN_FRAMEWORK_HEADER = YES;
				CLANG_WARN_RANGE_LOOP_ANALYSIS = YES;
				CLANG_WARN_STRICT_PROTOTYPES = YES;
				CLANG_WARN_SUSPICIOUS_MOVE = YES;
				CLANG_WARN_UNGUARDED_AVAILABILITY = YES_AGGRESSIVE;
				CLANG_WARN_UNREACHABLE_CODE = YES;
				CLANG_WARN__DUPLICATE_METHOD_MATCH = YES;
				COPY_PHASE_STRIP = NO;
				DEBUG_INFORMATION_FORMAT = "dwarf-with-dsym";
				ENABLE_NS_ASSERTIONS = NO;
				ENABLE_STRICT_OBJC_MSGSEND = YES;
				GCC_C_LANGUAGE_STANDARD = gnu11;
				GCC_NO_COMMON_BLOCKS = YES;
				GCC_WARN_64_TO_32_BIT_CONVERSION = YES;
				GCC_WARN_ABOUT_RETURN_TYPE = YES_ERROR;
				GCC_WARN_UNDECLARED_SELECTOR = YES;
				GCC_WARN_UNINITIALIZED_AUTOS = YES_AGGRESSIVE;
				GCC_WARN_UNUSED_FUNCTION = YES;
				GCC_WARN_UNUSED_VARIABLE = YES;
				IPHONEOS_DEPLOYMENT_TARGET = 14.4;
				MTL_ENABLE_DEBUG_INFO = NO;
				MTL_FAST_MATH = YES;
				SDKROOT = iphoneos;
				SWIFT_COMPILATION_MODE = wholemodule;
				SWIFT_OPTIMIZATION_LEVEL = "-O";
				VALIDATE_PRODUCT = YES;
			};
			name = Release;
		};
		E5BF7BEC276929E7002D9D70 /* Debug */ = {
			isa = XCBuildConfiguration;
			buildSettings = {
				ASSETCATALOG_COMPILER_APPICON_NAME = AppIcon;
				ASSETCATALOG_COMPILER_GLOBAL_ACCENT_COLOR_NAME = AccentColor;
				CODE_SIGN_STYLE = Automatic;
				INFOPLIST_FILE = "Marvel-iOS/Info.plist";
				LD_RUNPATH_SEARCH_PATHS = (
					"$(inherited)",
					"@executable_path/Frameworks",
				);
				PRODUCT_BUNDLE_IDENTIFIER = "br.com.zup.Marvel-iOS";
				PRODUCT_NAME = "$(TARGET_NAME)";
				SWIFT_VERSION = 5.0;
				TARGETED_DEVICE_FAMILY = "1,2";
			};
			name = Debug;
		};
		E5BF7BED276929E7002D9D70 /* Release */ = {
			isa = XCBuildConfiguration;
			buildSettings = {
				ASSETCATALOG_COMPILER_APPICON_NAME = AppIcon;
				ASSETCATALOG_COMPILER_GLOBAL_ACCENT_COLOR_NAME = AccentColor;
				CODE_SIGN_STYLE = Automatic;
				INFOPLIST_FILE = "Marvel-iOS/Info.plist";
				LD_RUNPATH_SEARCH_PATHS = (
					"$(inherited)",
					"@executable_path/Frameworks",
				);
				PRODUCT_BUNDLE_IDENTIFIER = "br.com.zup.Marvel-iOS";
				PRODUCT_NAME = "$(TARGET_NAME)";
				SWIFT_VERSION = 5.0;
				TARGETED_DEVICE_FAMILY = "1,2";
			};
			name = Release;
		};
		E5BF7BEF276929E7002D9D70 /* Debug */ = {
			isa = XCBuildConfiguration;
			buildSettings = {
				ALWAYS_EMBED_SWIFT_STANDARD_LIBRARIES = YES;
				BUNDLE_LOADER = "$(TEST_HOST)";
				CODE_SIGN_STYLE = Automatic;
				INFOPLIST_FILE = "Marvel-iOSTests/Info.plist";
				IPHONEOS_DEPLOYMENT_TARGET = 14.4;
				LD_RUNPATH_SEARCH_PATHS = (
					"$(inherited)",
					"@executable_path/Frameworks",
					"@loader_path/Frameworks",
				);
				PRODUCT_BUNDLE_IDENTIFIER = "br.com.zup.Marvel-iOSTests";
				PRODUCT_NAME = "$(TARGET_NAME)";
				SWIFT_VERSION = 5.0;
				TARGETED_DEVICE_FAMILY = "1,2";
				TEST_HOST = "$(BUILT_PRODUCTS_DIR)/Marvel-iOS.app/Marvel-iOS";
			};
			name = Debug;
		};
		E5BF7BF0276929E7002D9D70 /* Release */ = {
			isa = XCBuildConfiguration;
			buildSettings = {
				ALWAYS_EMBED_SWIFT_STANDARD_LIBRARIES = YES;
				BUNDLE_LOADER = "$(TEST_HOST)";
				CODE_SIGN_STYLE = Automatic;
				INFOPLIST_FILE = "Marvel-iOSTests/Info.plist";
				IPHONEOS_DEPLOYMENT_TARGET = 14.4;
				LD_RUNPATH_SEARCH_PATHS = (
					"$(inherited)",
					"@executable_path/Frameworks",
					"@loader_path/Frameworks",
				);
				PRODUCT_BUNDLE_IDENTIFIER = "br.com.zup.Marvel-iOSTests";
				PRODUCT_NAME = "$(TARGET_NAME)";
				SWIFT_VERSION = 5.0;
				TARGETED_DEVICE_FAMILY = "1,2";
				TEST_HOST = "$(BUILT_PRODUCTS_DIR)/Marvel-iOS.app/Marvel-iOS";
			};
			name = Release;
		};
		E5BF7BF2276929E7002D9D70 /* Debug */ = {
			isa = XCBuildConfiguration;
			buildSettings = {
				ALWAYS_EMBED_SWIFT_STANDARD_LIBRARIES = YES;
				CODE_SIGN_STYLE = Automatic;
				INFOPLIST_FILE = "Marvel-iOSUITests/Info.plist";
				LD_RUNPATH_SEARCH_PATHS = (
					"$(inherited)",
					"@executable_path/Frameworks",
					"@loader_path/Frameworks",
				);
				PRODUCT_BUNDLE_IDENTIFIER = "br.com.zup.Marvel-iOSUITests";
				PRODUCT_NAME = "$(TARGET_NAME)";
				SWIFT_VERSION = 5.0;
				TARGETED_DEVICE_FAMILY = "1,2";
				TEST_TARGET_NAME = "Marvel-iOS";
			};
			name = Debug;
		};
		E5BF7BF3276929E7002D9D70 /* Release */ = {
			isa = XCBuildConfiguration;
			buildSettings = {
				ALWAYS_EMBED_SWIFT_STANDARD_LIBRARIES = YES;
				CODE_SIGN_STYLE = Automatic;
				INFOPLIST_FILE = "Marvel-iOSUITests/Info.plist";
				LD_RUNPATH_SEARCH_PATHS = (
					"$(inherited)",
					"@executable_path/Frameworks",
					"@loader_path/Frameworks",
				);
				PRODUCT_BUNDLE_IDENTIFIER = "br.com.zup.Marvel-iOSUITests";
				PRODUCT_NAME = "$(TARGET_NAME)";
				SWIFT_VERSION = 5.0;
				TARGETED_DEVICE_FAMILY = "1,2";
				TEST_TARGET_NAME = "Marvel-iOS";
			};
			name = Release;
		};
/* End XCBuildConfiguration section */

/* Begin XCConfigurationList section */
		E5BF7BBC276929E6002D9D70 /* Build configuration list for PBXProject "Marvel-iOS" */ = {
			isa = XCConfigurationList;
			buildConfigurations = (
				E5BF7BE9276929E7002D9D70 /* Debug */,
				E5BF7BEA276929E7002D9D70 /* Release */,
			);
			defaultConfigurationIsVisible = 0;
			defaultConfigurationName = Release;
		};
		E5BF7BEB276929E7002D9D70 /* Build configuration list for PBXNativeTarget "Marvel-iOS" */ = {
			isa = XCConfigurationList;
			buildConfigurations = (
				E5BF7BEC276929E7002D9D70 /* Debug */,
				E5BF7BED276929E7002D9D70 /* Release */,
			);
			defaultConfigurationIsVisible = 0;
			defaultConfigurationName = Release;
		};
		E5BF7BEE276929E7002D9D70 /* Build configuration list for PBXNativeTarget "Marvel-iOSTests" */ = {
			isa = XCConfigurationList;
			buildConfigurations = (
				E5BF7BEF276929E7002D9D70 /* Debug */,
				E5BF7BF0276929E7002D9D70 /* Release */,
			);
			defaultConfigurationIsVisible = 0;
			defaultConfigurationName = Release;
		};
		E5BF7BF1276929E7002D9D70 /* Build configuration list for PBXNativeTarget "Marvel-iOSUITests" */ = {
			isa = XCConfigurationList;
			buildConfigurations = (
				E5BF7BF2276929E7002D9D70 /* Debug */,
				E5BF7BF3276929E7002D9D70 /* Release */,
			);
			defaultConfigurationIsVisible = 0;
			defaultConfigurationName = Release;
		};
/* End XCConfigurationList section */
	};
	rootObject = E5BF7BB9276929E6002D9D70 /* Project object */;
}
